
Microsoft Visual Studio Solution File, Format Version 12.00
# Visual Studio Version 16
VisualStudioVersion = 16.0.809.5
MinimumVisualStudioVersion = 10.0.40219.1
Project("{FAE04EC0-301F-11D3-BF4B-00C04F79EFBC}") = "02-03-01_CSharp_Basic_Syntax_Algo", "02-03-01_CSharp_Basic_Syntax_Algo\02-03-01_CSharp_Basic_Syntax_Algo.csproj", "{2D6B9364-9F53-44FF-A218-866B4BE0F130}"
EndProject
Global
	GlobalSection(SolutionConfigurationPlatforms) = preSolution
		Debug|Any CPU = Debug|Any CPU
		Release|Any CPU = Release|Any CPU
	EndGlobalSection
	GlobalSection(ProjectConfigurationPlatforms) = postSolution
		{2D6B9364-9F53-44FF-A218-866B4BE0F130}.Debug|Any CPU.ActiveCfg = Debug|Any CPU
		{2D6B9364-9F53-44FF-A218-866B4BE0F130}.Debug|Any CPU.Build.0 = Debug|Any CPU
		{2D6B9364-9F53-44FF-A218-866B4BE0F130}.Release|Any CPU.ActiveCfg = Release|Any CPU
		{2D6B9364-9F53-44FF-A218-866B4BE0F130}.Release|Any CPU.Build.0 = Release|Any CPU
	EndGlobalSection
	GlobalSection(SolutionProperties) = preSolution
		HideSolutionNode = FALSE
	EndGlobalSection
	GlobalSection(ExtensibilityGlobals) = postSolution
		SolutionGuid = {77848F54-2A7E-4386-BF9C-1E4ACC0E1814}
	EndGlobalSection
EndGlobal
