
Microsoft Visual Studio Solution File, Format Version 12.00
# Visual Studio Version 16
VisualStudioVersion = 16.0.31205.134
MinimumVisualStudioVersion = 10.0.40219.1
Project("{FAE04EC0-301F-11D3-BF4B-00C04F79EFBC}") = "DemoManyToMany", "DemoManyToMany\DemoManyToMany.csproj", "{97B30B4A-52CA-4830-A48F-99716AB9D92F}"
EndProject
Global
	GlobalSection(SolutionConfigurationPlatforms) = preSolution
		Debug|Any CPU = Debug|Any CPU
		Release|Any CPU = Release|Any CPU
	EndGlobalSection
	GlobalSection(ProjectConfigurationPlatforms) = postSolution
		{97B30B4A-52CA-4830-A48F-99716AB9D92F}.Debug|Any CPU.ActiveCfg = Debug|Any CPU
		{97B30B4A-52CA-4830-A48F-99716AB9D92F}.Debug|Any CPU.Build.0 = Debug|Any CPU
		{97B30B4A-52CA-4830-A48F-99716AB9D92F}.Release|Any CPU.ActiveCfg = Release|Any CPU
		{97B30B4A-52CA-4830-A48F-99716AB9D92F}.Release|Any CPU.Build.0 = Release|Any CPU
	EndGlobalSection
	GlobalSection(SolutionProperties) = preSolution
		HideSolutionNode = FALSE
	EndGlobalSection
	GlobalSection(ExtensibilityGlobals) = postSolution
		SolutionGuid = {6B0096CB-5DE5-40DB-88DD-7DD27AFF71BF}
	EndGlobalSection
EndGlobal
