
Microsoft Visual Studio Solution File, Format Version 12.00
# Visual Studio Version 16
VisualStudioVersion = 16.0.31129.286
MinimumVisualStudioVersion = 10.0.40219.1
Project("{FAE04EC0-301F-11D3-BF4B-00C04F79EFBC}") = "ToolBox.Database", "ToolBox.Database\ToolBox.Database.csproj", "{34F05DF0-CA2A-4B63-B9A2-92241B7C04D5}"
EndProject
Project("{FAE04EC0-301F-11D3-BF4B-00C04F79EFBC}") = "ToolBox.Test", "ToolBox.Test\ToolBox.Test.csproj", "{A5BCB3A9-22DA-4FD8-A912-6455EEEC86CC}"
EndProject
Global
	GlobalSection(SolutionConfigurationPlatforms) = preSolution
		Debug|Any CPU = Debug|Any CPU
		Release|Any CPU = Release|Any CPU
	EndGlobalSection
	GlobalSection(ProjectConfigurationPlatforms) = postSolution
		{34F05DF0-CA2A-4B63-B9A2-92241B7C04D5}.Debug|Any CPU.ActiveCfg = Debug|Any CPU
		{34F05DF0-CA2A-4B63-B9A2-92241B7C04D5}.Debug|Any CPU.Build.0 = Debug|Any CPU
		{34F05DF0-CA2A-4B63-B9A2-92241B7C04D5}.Release|Any CPU.ActiveCfg = Release|Any CPU
		{34F05DF0-CA2A-4B63-B9A2-92241B7C04D5}.Release|Any CPU.Build.0 = Release|Any CPU
		{A5BCB3A9-22DA-4FD8-A912-6455EEEC86CC}.Debug|Any CPU.ActiveCfg = Debug|Any CPU
		{A5BCB3A9-22DA-4FD8-A912-6455EEEC86CC}.Debug|Any CPU.Build.0 = Debug|Any CPU
		{A5BCB3A9-22DA-4FD8-A912-6455EEEC86CC}.Release|Any CPU.ActiveCfg = Release|Any CPU
		{A5BCB3A9-22DA-4FD8-A912-6455EEEC86CC}.Release|Any CPU.Build.0 = Release|Any CPU
	EndGlobalSection
	GlobalSection(SolutionProperties) = preSolution
		HideSolutionNode = FALSE
	EndGlobalSection
	GlobalSection(ExtensibilityGlobals) = postSolution
		SolutionGuid = {A40F1F66-A075-4BBB-B730-EA32B8A34AF2}
	EndGlobalSection
EndGlobal
