
Microsoft Visual Studio Solution File, Format Version 12.00
# Visual Studio Version 16
VisualStudioVersion = 16.0.809.4
MinimumVisualStudioVersion = 10.0.40219.1
Project("{FAE04EC0-301F-11D3-BF4B-00C04F79EFBC}") = "Introduction", "Introduction\Introduction.csproj", "{9B26463F-A1FE-4228-8D37-D879F1AC1FED}"
EndProject
Global
	GlobalSection(SolutionConfigurationPlatforms) = preSolution
		Debug|Any CPU = Debug|Any CPU
		Release|Any CPU = Release|Any CPU
	EndGlobalSection
	GlobalSection(ProjectConfigurationPlatforms) = postSolution
		{9B26463F-A1FE-4228-8D37-D879F1AC1FED}.Debug|Any CPU.ActiveCfg = Debug|Any CPU
		{9B26463F-A1FE-4228-8D37-D879F1AC1FED}.Debug|Any CPU.Build.0 = Debug|Any CPU
		{9B26463F-A1FE-4228-8D37-D879F1AC1FED}.Release|Any CPU.ActiveCfg = Release|Any CPU
		{9B26463F-A1FE-4228-8D37-D879F1AC1FED}.Release|Any CPU.Build.0 = Release|Any CPU
	EndGlobalSection
	GlobalSection(SolutionProperties) = preSolution
		HideSolutionNode = FALSE
	EndGlobalSection
	GlobalSection(ExtensibilityGlobals) = postSolution
		SolutionGuid = {91FAA94F-94E0-4478-B4D0-B5F63F4A6FA1}
	EndGlobalSection
EndGlobal
